
Microsoft Visual Studio Solution File, Format Version 12.00
# Visual Studio 15
VisualStudioVersion = 15.0.28307.271
MinimumVisualStudioVersion = 10.0.40219.1
Project("{FAE04EC0-301F-11D3-BF4B-00C04F79EFBC}") = "TestFluentValidation", "TestFluentValidation\TestFluentValidation.csproj", "{B69E084C-8BB4-43EF-811D-275D3C16E9D0}"
EndProject
Global
	GlobalSection(SolutionConfigurationPlatforms) = preSolution
		Debug|Any CPU = Debug|Any CPU
		Release|Any CPU = Release|Any CPU
	EndGlobalSection
	GlobalSection(ProjectConfigurationPlatforms) = postSolution
		{B69E084C-8BB4-43EF-811D-275D3C16E9D0}.Debug|Any CPU.ActiveCfg = Debug|Any CPU
		{B69E084C-8BB4-43EF-811D-275D3C16E9D0}.Debug|Any CPU.Build.0 = Debug|Any CPU
		{B69E084C-8BB4-43EF-811D-275D3C16E9D0}.Release|Any CPU.ActiveCfg = Release|Any CPU
		{B69E084C-8BB4-43EF-811D-275D3C16E9D0}.Release|Any CPU.Build.0 = Release|Any CPU
	EndGlobalSection
	GlobalSection(SolutionProperties) = preSolution
		HideSolutionNode = FALSE
	EndGlobalSection
	GlobalSection(ExtensibilityGlobals) = postSolution
		SolutionGuid = {2DC761BF-471E-4769-AF61-66DC25886C3E}
	EndGlobalSection
EndGlobal
